
Microsoft Visual Studio Solution File, Format Version 12.00
Project("{FAE04EC0-301F-11D3-BF4B-00C04F79EFBC}") = "WalletAPI.Domain", "WalletAPI.Domain\WalletAPI.Domain.csproj", "{32FBAFBA-3625-4CC5-8316-992F8DABCCE7}"
EndProject
Project("{FAE04EC0-301F-11D3-BF4B-00C04F79EFBC}") = "WalletAPI.Infrastructure", "WalletAPI.Infrastructure\WalletAPI.Infrastructure.csproj", "{999DAFD6-B6A4-4D98-9D02-C0696675723E}"
EndProject
Project("{FAE04EC0-301F-11D3-BF4B-00C04F79EFBC}") = "WalletAPI.Application", "WalletAPI.Application\WalletAPI.Application.csproj", "{D15C7EAC-446B-4705-AA15-E5B57AF7C9D5}"
EndProject
Project("{FAE04EC0-301F-11D3-BF4B-00C04F79EFBC}") = "WalletAPI.Client", "WalletAPI.Client\WalletAPI.Client.csproj", "{15E706A5-B26B-48B9-AA21-A4C9E56BB311}"
EndProject
Project("{FAE04EC0-301F-11D3-BF4B-00C04F79EFBC}") = "WalletAPI.Server", "WalletAPI.Server\WalletAPI.Server.csproj", "{F3315E91-4CCB-4E39-951F-8022D6407462}"
EndProject
Project("{FAE04EC0-301F-11D3-BF4B-00C04F79EFBC}") = "WalletAPI.Auth", "WalletAPI.Auth\WalletAPI.Auth.csproj", "{0FF8DC94-19F6-4585-8DE5-1195E1D0017A}"
EndProject
Global
	GlobalSection(SolutionConfigurationPlatforms) = preSolution
		Debug|Any CPU = Debug|Any CPU
		Debug|x64 = Debug|x64
		Debug|x86 = Debug|x86
		Release|Any CPU = Release|Any CPU
		Release|x64 = Release|x64
		Release|x86 = Release|x86
	EndGlobalSection
	GlobalSection(ProjectConfigurationPlatforms) = postSolution
		{32FBAFBA-3625-4CC5-8316-992F8DABCCE7}.Debug|Any CPU.ActiveCfg = Debug|Any CPU
		{32FBAFBA-3625-4CC5-8316-992F8DABCCE7}.Debug|Any CPU.Build.0 = Debug|Any CPU
		{32FBAFBA-3625-4CC5-8316-992F8DABCCE7}.Debug|x64.ActiveCfg = Debug|Any CPU
		{32FBAFBA-3625-4CC5-8316-992F8DABCCE7}.Debug|x64.Build.0 = Debug|Any CPU
		{32FBAFBA-3625-4CC5-8316-992F8DABCCE7}.Debug|x86.ActiveCfg = Debug|Any CPU
		{32FBAFBA-3625-4CC5-8316-992F8DABCCE7}.Debug|x86.Build.0 = Debug|Any CPU
		{32FBAFBA-3625-4CC5-8316-992F8DABCCE7}.Release|Any CPU.ActiveCfg = Release|Any CPU
		{32FBAFBA-3625-4CC5-8316-992F8DABCCE7}.Release|Any CPU.Build.0 = Release|Any CPU
		{32FBAFBA-3625-4CC5-8316-992F8DABCCE7}.Release|x64.ActiveCfg = Release|Any CPU
		{32FBAFBA-3625-4CC5-8316-992F8DABCCE7}.Release|x64.Build.0 = Release|Any CPU
		{32FBAFBA-3625-4CC5-8316-992F8DABCCE7}.Release|x86.ActiveCfg = Release|Any CPU
		{32FBAFBA-3625-4CC5-8316-992F8DABCCE7}.Release|x86.Build.0 = Release|Any CPU
		{999DAFD6-B6A4-4D98-9D02-C0696675723E}.Debug|Any CPU.ActiveCfg = Debug|Any CPU
		{999DAFD6-B6A4-4D98-9D02-C0696675723E}.Debug|Any CPU.Build.0 = Debug|Any CPU
		{999DAFD6-B6A4-4D98-9D02-C0696675723E}.Debug|x64.ActiveCfg = Debug|Any CPU
		{999DAFD6-B6A4-4D98-9D02-C0696675723E}.Debug|x64.Build.0 = Debug|Any CPU
		{999DAFD6-B6A4-4D98-9D02-C0696675723E}.Debug|x86.ActiveCfg = Debug|Any CPU
		{999DAFD6-B6A4-4D98-9D02-C0696675723E}.Debug|x86.Build.0 = Debug|Any CPU
		{999DAFD6-B6A4-4D98-9D02-C0696675723E}.Release|Any CPU.ActiveCfg = Release|Any CPU
		{999DAFD6-B6A4-4D98-9D02-C0696675723E}.Release|Any CPU.Build.0 = Release|Any CPU
		{999DAFD6-B6A4-4D98-9D02-C0696675723E}.Release|x64.ActiveCfg = Release|Any CPU
		{999DAFD6-B6A4-4D98-9D02-C0696675723E}.Release|x64.Build.0 = Release|Any CPU
		{999DAFD6-B6A4-4D98-9D02-C0696675723E}.Release|x86.ActiveCfg = Release|Any CPU
		{999DAFD6-B6A4-4D98-9D02-C0696675723E}.Release|x86.Build.0 = Release|Any CPU
		{D15C7EAC-446B-4705-AA15-E5B57AF7C9D5}.Debug|Any CPU.ActiveCfg = Debug|Any CPU
		{D15C7EAC-446B-4705-AA15-E5B57AF7C9D5}.Debug|Any CPU.Build.0 = Debug|Any CPU
		{D15C7EAC-446B-4705-AA15-E5B57AF7C9D5}.Debug|x64.ActiveCfg = Debug|Any CPU
		{D15C7EAC-446B-4705-AA15-E5B57AF7C9D5}.Debug|x64.Build.0 = Debug|Any CPU
		{D15C7EAC-446B-4705-AA15-E5B57AF7C9D5}.Debug|x86.ActiveCfg = Debug|Any CPU
		{D15C7EAC-446B-4705-AA15-E5B57AF7C9D5}.Debug|x86.Build.0 = Debug|Any CPU
		{D15C7EAC-446B-4705-AA15-E5B57AF7C9D5}.Release|Any CPU.ActiveCfg = Release|Any CPU
		{D15C7EAC-446B-4705-AA15-E5B57AF7C9D5}.Release|Any CPU.Build.0 = Release|Any CPU
		{D15C7EAC-446B-4705-AA15-E5B57AF7C9D5}.Release|x64.ActiveCfg = Release|Any CPU
		{D15C7EAC-446B-4705-AA15-E5B57AF7C9D5}.Release|x64.Build.0 = Release|Any CPU
		{D15C7EAC-446B-4705-AA15-E5B57AF7C9D5}.Release|x86.ActiveCfg = Release|Any CPU
		{D15C7EAC-446B-4705-AA15-E5B57AF7C9D5}.Release|x86.Build.0 = Release|Any CPU
		{15E706A5-B26B-48B9-AA21-A4C9E56BB311}.Debug|Any CPU.ActiveCfg = Debug|Any CPU
		{15E706A5-B26B-48B9-AA21-A4C9E56BB311}.Debug|Any CPU.Build.0 = Debug|Any CPU
		{15E706A5-B26B-48B9-AA21-A4C9E56BB311}.Debug|x64.ActiveCfg = Debug|Any CPU
		{15E706A5-B26B-48B9-AA21-A4C9E56BB311}.Debug|x64.Build.0 = Debug|Any CPU
		{15E706A5-B26B-48B9-AA21-A4C9E56BB311}.Debug|x86.ActiveCfg = Debug|Any CPU
		{15E706A5-B26B-48B9-AA21-A4C9E56BB311}.Debug|x86.Build.0 = Debug|Any CPU
		{15E706A5-B26B-48B9-AA21-A4C9E56BB311}.Release|Any CPU.ActiveCfg = Release|Any CPU
		{15E706A5-B26B-48B9-AA21-A4C9E56BB311}.Release|Any CPU.Build.0 = Release|Any CPU
		{15E706A5-B26B-48B9-AA21-A4C9E56BB311}.Release|x64.ActiveCfg = Release|Any CPU
		{15E706A5-B26B-48B9-AA21-A4C9E56BB311}.Release|x64.Build.0 = Release|Any CPU
		{15E706A5-B26B-48B9-AA21-A4C9E56BB311}.Release|x86.ActiveCfg = Release|Any CPU
		{15E706A5-B26B-48B9-AA21-A4C9E56BB311}.Release|x86.Build.0 = Release|Any CPU
		{F3315E91-4CCB-4E39-951F-8022D6407462}.Debug|Any CPU.ActiveCfg = Debug|Any CPU
		{F3315E91-4CCB-4E39-951F-8022D6407462}.Debug|Any CPU.Build.0 = Debug|Any CPU
		{F3315E91-4CCB-4E39-951F-8022D6407462}.Release|Any CPU.ActiveCfg = Release|Any CPU
		{F3315E91-4CCB-4E39-951F-8022D6407462}.Release|Any CPU.Build.0 = Release|Any CPU
		{0FF8DC94-19F6-4585-8DE5-1195E1D0017A}.Debug|Any CPU.ActiveCfg = Debug|Any CPU
		{0FF8DC94-19F6-4585-8DE5-1195E1D0017A}.Debug|Any CPU.Build.0 = Debug|Any CPU
		{0FF8DC94-19F6-4585-8DE5-1195E1D0017A}.Debug|x64.ActiveCfg = Debug|Any CPU
		{0FF8DC94-19F6-4585-8DE5-1195E1D0017A}.Debug|x64.Build.0 = Debug|Any CPU
		{0FF8DC94-19F6-4585-8DE5-1195E1D0017A}.Debug|x86.ActiveCfg = Debug|Any CPU
		{0FF8DC94-19F6-4585-8DE5-1195E1D0017A}.Debug|x86.Build.0 = Debug|Any CPU
		{0FF8DC94-19F6-4585-8DE5-1195E1D0017A}.Release|Any CPU.ActiveCfg = Release|Any CPU
		{0FF8DC94-19F6-4585-8DE5-1195E1D0017A}.Release|Any CPU.Build.0 = Release|Any CPU
		{0FF8DC94-19F6-4585-8DE5-1195E1D0017A}.Release|x64.ActiveCfg = Release|Any CPU
		{0FF8DC94-19F6-4585-8DE5-1195E1D0017A}.Release|x64.Build.0 = Release|Any CPU
		{0FF8DC94-19F6-4585-8DE5-1195E1D0017A}.Release|x86.ActiveCfg = Release|Any CPU
		{0FF8DC94-19F6-4585-8DE5-1195E1D0017A}.Release|x86.Build.0 = Release|Any CPU
	EndGlobalSection
	GlobalSection(SolutionProperties) = preSolution
		HideSolutionNode = FALSE
	EndGlobalSection
EndGlobal
